
Microsoft Visual Studio Solution File, Format Version 12.00
# Visual Studio Version 17
VisualStudioVersion = 17.14.37012.4 d17.14
MinimumVisualStudioVersion = 10.0.40219.1
Project("{FAE04EC0-301F-11D3-BF4B-00C04F79EFBC}") = "Finder", "Finder.csproj", "{32910B7D-8298-4D53-97AC-B2515DFEC952}"
EndProject
Global
	GlobalSection(SolutionConfigurationPlatforms) = preSolution
		Debug|Any CPU = Debug|Any CPU
		Release|Any CPU = Release|Any CPU
	EndGlobalSection
	GlobalSection(ProjectConfigurationPlatforms) = postSolution
		{32910B7D-8298-4D53-97AC-B2515DFEC952}.Debug|Any CPU.ActiveCfg = Debug|Any CPU
		{32910B7D-8298-4D53-97AC-B2515DFEC952}.Debug|Any CPU.Build.0 = Debug|Any CPU
		{32910B7D-8298-4D53-97AC-B2515DFEC952}.Release|Any CPU.ActiveCfg = Release|Any CPU
		{32910B7D-8298-4D53-97AC-B2515DFEC952}.Release|Any CPU.Build.0 = Release|Any CPU
	EndGlobalSection
	GlobalSection(SolutionProperties) = preSolution
		HideSolutionNode = FALSE
	EndGlobalSection
	GlobalSection(ExtensibilityGlobals) = postSolution
		SolutionGuid = {8A02C2A9-AB83-4252-AC9F-29ADFF346A22}
	EndGlobalSection
EndGlobal
